
Microsoft Visual Studio Solution File, Format Version 12.00
# Visual Studio Version 17
VisualStudioVersion = 17.0.32014.148
MinimumVisualStudioVersion = 10.0.40219.1
Project("{FAE04EC0-301F-11D3-BF4B-00C04F79EFBC}") = "tratamento_erros", "tratamento_erros\tratamento_erros.csproj", "{4BA6E270-834A-4931-939A-23460850C138}"
EndProject
Global
	GlobalSection(SolutionConfigurationPlatforms) = preSolution
		Debug|Any CPU = Debug|Any CPU
		Release|Any CPU = Release|Any CPU
	EndGlobalSection
	GlobalSection(ProjectConfigurationPlatforms) = postSolution
		{4BA6E270-834A-4931-939A-23460850C138}.Debug|Any CPU.ActiveCfg = Debug|Any CPU
		{4BA6E270-834A-4931-939A-23460850C138}.Debug|Any CPU.Build.0 = Debug|Any CPU
		{4BA6E270-834A-4931-939A-23460850C138}.Release|Any CPU.ActiveCfg = Release|Any CPU
		{4BA6E270-834A-4931-939A-23460850C138}.Release|Any CPU.Build.0 = Release|Any CPU
	EndGlobalSection
	GlobalSection(SolutionProperties) = preSolution
		HideSolutionNode = FALSE
	EndGlobalSection
	GlobalSection(ExtensibilityGlobals) = postSolution
		SolutionGuid = {54130276-C9A7-44BC-8335-B1B89A9FF4B8}
	EndGlobalSection
EndGlobal
